
Microsoft Visual Studio Solution File, Format Version 12.00
# Visual Studio 15
VisualStudioVersion = 15.0.26730.10
MinimumVisualStudioVersion = 10.0.40219.1
Project("{FAE04EC0-301F-11D3-BF4B-00C04F79EFBC}") = "Work01", "Work01\Work01.csproj", "{218CB83C-CCAB-4692-8CCA-BB6F6DDAC23C}"
EndProject
Global
	GlobalSection(SolutionConfigurationPlatforms) = preSolution
		Debug|Any CPU = Debug|Any CPU
		Release|Any CPU = Release|Any CPU
	EndGlobalSection
	GlobalSection(ProjectConfigurationPlatforms) = postSolution
		{218CB83C-CCAB-4692-8CCA-BB6F6DDAC23C}.Debug|Any CPU.ActiveCfg = Debug|Any CPU
		{218CB83C-CCAB-4692-8CCA-BB6F6DDAC23C}.Debug|Any CPU.Build.0 = Debug|Any CPU
		{218CB83C-CCAB-4692-8CCA-BB6F6DDAC23C}.Release|Any CPU.ActiveCfg = Release|Any CPU
		{218CB83C-CCAB-4692-8CCA-BB6F6DDAC23C}.Release|Any CPU.Build.0 = Release|Any CPU
	EndGlobalSection
	GlobalSection(SolutionProperties) = preSolution
		HideSolutionNode = FALSE
	EndGlobalSection
	GlobalSection(ExtensibilityGlobals) = postSolution
		SolutionGuid = {AC7B7477-1214-430B-B6EF-1DED11335604}
	EndGlobalSection
EndGlobal
